
Microsoft Visual Studio Solution File, Format Version 12.00
# Visual Studio 15
VisualStudioVersion = 15.0.28307.1267
MinimumVisualStudioVersion = 10.0.40219.1
Project("{FAE04EC0-301F-11D3-BF4B-00C04F79EFBC}") = "ex", "ex\ex.csproj", "{FC85F24F-F483-4D9D-9E05-779AD00DBC17}"
EndProject
Global
	GlobalSection(SolutionConfigurationPlatforms) = preSolution
		Debug|Any CPU = Debug|Any CPU
		Release|Any CPU = Release|Any CPU
	EndGlobalSection
	GlobalSection(ProjectConfigurationPlatforms) = postSolution
		{FC85F24F-F483-4D9D-9E05-779AD00DBC17}.Debug|Any CPU.ActiveCfg = Debug|Any CPU
		{FC85F24F-F483-4D9D-9E05-779AD00DBC17}.Debug|Any CPU.Build.0 = Debug|Any CPU
		{FC85F24F-F483-4D9D-9E05-779AD00DBC17}.Release|Any CPU.ActiveCfg = Release|Any CPU
		{FC85F24F-F483-4D9D-9E05-779AD00DBC17}.Release|Any CPU.Build.0 = Release|Any CPU
	EndGlobalSection
	GlobalSection(SolutionProperties) = preSolution
		HideSolutionNode = FALSE
	EndGlobalSection
	GlobalSection(ExtensibilityGlobals) = postSolution
		SolutionGuid = {3F6D2E72-BF28-4B47-AB97-13E34BC785DB}
	EndGlobalSection
EndGlobal
